Microsoft Visual Studio Solution File, Format Version 12.00
# Visual Studio Version 17
VisualStudioVersion = 17.5.2.0
MinimumVisualStudioVersion = 10.0.40219.1
Project("{FAE04EC0-301F-11D3-BF4B-00C04F79EFBC}") = "Q3-MultiplicationTable", "Q3-MultiplicationTable.csproj", "{F30251A3-CE42-7069-8407-DE63DA383031}"
EndProject
Global
	GlobalSection(SolutionConfigurationPlatforms) = preSolution
		Debug|Any CPU = Debug|Any CPU
		Release|Any CPU = Release|Any CPU
	EndGlobalSection
	GlobalSection(ProjectConfigurationPlatforms) = postSolution
		{F30251A3-CE42-7069-8407-DE63DA383031}.Debug|Any CPU.ActiveCfg = Debug|Any CPU
		{F30251A3-CE42-7069-8407-DE63DA383031}.Debug|Any CPU.Build.0 = Debug|Any CPU
		{F30251A3-CE42-7069-8407-DE63DA383031}.Release|Any CPU.ActiveCfg = Release|Any CPU
		{F30251A3-CE42-7069-8407-DE63DA383031}.Release|Any CPU.Build.0 = Release|Any CPU
	EndGlobalSection
	GlobalSection(SolutionProperties) = preSolution
		HideSolutionNode = FALSE
	EndGlobalSection
	GlobalSection(ExtensibilityGlobals) = postSolution
		SolutionGuid = {D8EEA96C-1E71-4F42-BE77-D7A792C19215}
	EndGlobalSection
EndGlobal
