Microsoft Visual Studio Solution File, Format Version 12.00
# Visual Studio Version 17
VisualStudioVersion = 17.5.2.0
MinimumVisualStudioVersion = 10.0.40219.1
Project("{FAE04EC0-301F-11D3-BF4B-00C04F79EFBC}") = "TechNovaInventorySytm", "TechNovaInventorySytm.csproj", "{D121EFB8-A5AE-7FDF-B79A-10F7E73B18FB}"
EndProject
Global
	GlobalSection(SolutionConfigurationPlatforms) = preSolution
		Debug|Any CPU = Debug|Any CPU
		Release|Any CPU = Release|Any CPU
	EndGlobalSection
	GlobalSection(ProjectConfigurationPlatforms) = postSolution
		{D121EFB8-A5AE-7FDF-B79A-10F7E73B18FB}.Debug|Any CPU.ActiveCfg = Debug|Any CPU
		{D121EFB8-A5AE-7FDF-B79A-10F7E73B18FB}.Debug|Any CPU.Build.0 = Debug|Any CPU
		{D121EFB8-A5AE-7FDF-B79A-10F7E73B18FB}.Release|Any CPU.ActiveCfg = Release|Any CPU
		{D121EFB8-A5AE-7FDF-B79A-10F7E73B18FB}.Release|Any CPU.Build.0 = Release|Any CPU
	EndGlobalSection
	GlobalSection(SolutionProperties) = preSolution
		HideSolutionNode = FALSE
	EndGlobalSection
	GlobalSection(ExtensibilityGlobals) = postSolution
		SolutionGuid = {1F6E3520-512C-4CA0-B604-DF691846EC25}
	EndGlobalSection
EndGlobal
