Microsoft Visual Studio Solution File, Format Version 12.00
# Visual Studio Version 17
VisualStudioVersion = 17.5.2.0
MinimumVisualStudioVersion = 10.0.40219.1
Project("{FAE04EC0-301F-11D3-BF4B-00C04F79EFBC}") = "CampusHirApp", "CampusHirApp.csproj", "{B8D5FE12-45EA-174A-F7DF-452A8128D332}"
EndProject
Global
	GlobalSection(SolutionConfigurationPlatforms) = preSolution
		Debug|Any CPU = Debug|Any CPU
		Release|Any CPU = Release|Any CPU
	EndGlobalSection
	GlobalSection(ProjectConfigurationPlatforms) = postSolution
		{B8D5FE12-45EA-174A-F7DF-452A8128D332}.Debug|Any CPU.ActiveCfg = Debug|Any CPU
		{B8D5FE12-45EA-174A-F7DF-452A8128D332}.Debug|Any CPU.Build.0 = Debug|Any CPU
		{B8D5FE12-45EA-174A-F7DF-452A8128D332}.Release|Any CPU.ActiveCfg = Release|Any CPU
		{B8D5FE12-45EA-174A-F7DF-452A8128D332}.Release|Any CPU.Build.0 = Release|Any CPU
	EndGlobalSection
	GlobalSection(SolutionProperties) = preSolution
		HideSolutionNode = FALSE
	EndGlobalSection
	GlobalSection(ExtensibilityGlobals) = postSolution
		SolutionGuid = {711036EA-A314-4A28-8C70-BEFD636A283C}
	EndGlobalSection
EndGlobal
