Microsoft Visual Studio Solution File, Format Version 12.00
# Visual Studio Version 17
VisualStudioVersion = 17.5.2.0
MinimumVisualStudioVersion = 10.0.40219.1
Project("{FAE04EC0-301F-11D3-BF4B-00C04F79EFBC}") = "StudGradMgmtSystem", "StudGradMgmtSystem.csproj", "{47BE7182-873B-D673-F164-CC9FDF73B96F}"
EndProject
Global
	GlobalSection(SolutionConfigurationPlatforms) = preSolution
		Debug|Any CPU = Debug|Any CPU
		Release|Any CPU = Release|Any CPU
	EndGlobalSection
	GlobalSection(ProjectConfigurationPlatforms) = postSolution
		{47BE7182-873B-D673-F164-CC9FDF73B96F}.Debug|Any CPU.ActiveCfg = Debug|Any CPU
		{47BE7182-873B-D673-F164-CC9FDF73B96F}.Debug|Any CPU.Build.0 = Debug|Any CPU
		{47BE7182-873B-D673-F164-CC9FDF73B96F}.Release|Any CPU.ActiveCfg = Release|Any CPU
		{47BE7182-873B-D673-F164-CC9FDF73B96F}.Release|Any CPU.Build.0 = Release|Any CPU
	EndGlobalSection
	GlobalSection(SolutionProperties) = preSolution
		HideSolutionNode = FALSE
	EndGlobalSection
	GlobalSection(ExtensibilityGlobals) = postSolution
		SolutionGuid = {1E20ADE0-5AAE-4A45-8936-248B1695EAC2}
	EndGlobalSection
EndGlobal
