Microsoft Visual Studio Solution File, Format Version 12.00
# Visual Studio Version 17
VisualStudioVersion = 17.5.2.0
MinimumVisualStudioVersion = 10.0.40219.1
Project("{FAE04EC0-301F-11D3-BF4B-00C04F79EFBC}") = "LongestSubstring", "LongestSubstring.csproj", "{CC15EFE5-73F1-6350-AF52-9AA2128DAAA6}"
EndProject
Global
	GlobalSection(SolutionConfigurationPlatforms) = preSolution
		Debug|Any CPU = Debug|Any CPU
		Release|Any CPU = Release|Any CPU
	EndGlobalSection
	GlobalSection(ProjectConfigurationPlatforms) = postSolution
		{CC15EFE5-73F1-6350-AF52-9AA2128DAAA6}.Debug|Any CPU.ActiveCfg = Debug|Any CPU
		{CC15EFE5-73F1-6350-AF52-9AA2128DAAA6}.Debug|Any CPU.Build.0 = Debug|Any CPU
		{CC15EFE5-73F1-6350-AF52-9AA2128DAAA6}.Release|Any CPU.ActiveCfg = Release|Any CPU
		{CC15EFE5-73F1-6350-AF52-9AA2128DAAA6}.Release|Any CPU.Build.0 = Release|Any CPU
	EndGlobalSection
	GlobalSection(SolutionProperties) = preSolution
		HideSolutionNode = FALSE
	EndGlobalSection
	GlobalSection(ExtensibilityGlobals) = postSolution
		SolutionGuid = {8703FE11-E191-4C2F-A54A-DD08469C60AE}
	EndGlobalSection
EndGlobal
