Microsoft Visual Studio Solution File, Format Version 12.00
# Visual Studio Version 17
VisualStudioVersion = 17.5.2.0
MinimumVisualStudioVersion = 10.0.40219.1
Project("{FAE04EC0-301F-11D3-BF4B-00C04F79EFBC}") = "10_HospitalEmergencySystem", "10_HospitalEmergencySystem.csproj", "{27C4E5F1-C7BE-4347-D2E0-65FC905DA5A0}"
EndProject
Global
	GlobalSection(SolutionConfigurationPlatforms) = preSolution
		Debug|Any CPU = Debug|Any CPU
		Release|Any CPU = Release|Any CPU
	EndGlobalSection
	GlobalSection(ProjectConfigurationPlatforms) = postSolution
		{27C4E5F1-C7BE-4347-D2E0-65FC905DA5A0}.Debug|Any CPU.ActiveCfg = Debug|Any CPU
		{27C4E5F1-C7BE-4347-D2E0-65FC905DA5A0}.Debug|Any CPU.Build.0 = Debug|Any CPU
		{27C4E5F1-C7BE-4347-D2E0-65FC905DA5A0}.Release|Any CPU.ActiveCfg = Release|Any CPU
		{27C4E5F1-C7BE-4347-D2E0-65FC905DA5A0}.Release|Any CPU.Build.0 = Release|Any CPU
	EndGlobalSection
	GlobalSection(SolutionProperties) = preSolution
		HideSolutionNode = FALSE
	EndGlobalSection
	GlobalSection(ExtensibilityGlobals) = postSolution
		SolutionGuid = {FE61289E-2B9B-4237-A573-0170C69B00D8}
	EndGlobalSection
EndGlobal
