Microsoft Visual Studio Solution File, Format Version 12.00
# Visual Studio Version 17
VisualStudioVersion = 17.5.2.0
MinimumVisualStudioVersion = 10.0.40219.1
Project("{FAE04EC0-301F-11D3-BF4B-00C04F79EFBC}") = "Q2-Swapping", "Q2-Swapping.csproj", "{F9864D10-983D-5F1C-FEA9-209043D0BFE4}"
EndProject
Global
	GlobalSection(SolutionConfigurationPlatforms) = preSolution
		Debug|Any CPU = Debug|Any CPU
		Release|Any CPU = Release|Any CPU
	EndGlobalSection
	GlobalSection(ProjectConfigurationPlatforms) = postSolution
		{F9864D10-983D-5F1C-FEA9-209043D0BFE4}.Debug|Any CPU.ActiveCfg = Debug|Any CPU
		{F9864D10-983D-5F1C-FEA9-209043D0BFE4}.Debug|Any CPU.Build.0 = Debug|Any CPU
		{F9864D10-983D-5F1C-FEA9-209043D0BFE4}.Release|Any CPU.ActiveCfg = Release|Any CPU
		{F9864D10-983D-5F1C-FEA9-209043D0BFE4}.Release|Any CPU.Build.0 = Release|Any CPU
	EndGlobalSection
	GlobalSection(SolutionProperties) = preSolution
		HideSolutionNode = FALSE
	EndGlobalSection
	GlobalSection(ExtensibilityGlobals) = postSolution
		SolutionGuid = {9B975B36-7EB4-484C-9B21-8679FCD67599}
	EndGlobalSection
EndGlobal
