Microsoft Visual Studio Solution File, Format Version 12.00
# Visual Studio Version 17
VisualStudioVersion = 17.5.2.0
MinimumVisualStudioVersion = 10.0.40219.1
Project("{FAE04EC0-301F-11D3-BF4B-00C04F79EFBC}") = "Q1-MahirlAlphabets", "Q1-MahirlAlphabets.csproj", "{722428E5-12B7-2F92-FA41-31226B61B98A}"
EndProject
Global
	GlobalSection(SolutionConfigurationPlatforms) = preSolution
		Debug|Any CPU = Debug|Any CPU
		Release|Any CPU = Release|Any CPU
	EndGlobalSection
	GlobalSection(ProjectConfigurationPlatforms) = postSolution
		{722428E5-12B7-2F92-FA41-31226B61B98A}.Debug|Any CPU.ActiveCfg = Debug|Any CPU
		{722428E5-12B7-2F92-FA41-31226B61B98A}.Debug|Any CPU.Build.0 = Debug|Any CPU
		{722428E5-12B7-2F92-FA41-31226B61B98A}.Release|Any CPU.ActiveCfg = Release|Any CPU
		{722428E5-12B7-2F92-FA41-31226B61B98A}.Release|Any CPU.Build.0 = Release|Any CPU
	EndGlobalSection
	GlobalSection(SolutionProperties) = preSolution
		HideSolutionNode = FALSE
	EndGlobalSection
	GlobalSection(ExtensibilityGlobals) = postSolution
		SolutionGuid = {EBDE1B31-59F3-47E9-B5E1-1E3432806C60}
	EndGlobalSection
EndGlobal
