Microsoft Visual Studio Solution File, Format Version 12.00
# Visual Studio Version 17
VisualStudioVersion = 17.5.2.0
MinimumVisualStudioVersion = 10.0.40219.1
Project("{FAE04EC0-301F-11D3-BF4B-00C04F79EFBC}") = "PasswordGeneration", "PasswordGeneration.csproj", "{937FE9E5-EC5D-DC7B-D915-9D4FA93FFB03}"
EndProject
Global
	GlobalSection(SolutionConfigurationPlatforms) = preSolution
		Debug|Any CPU = Debug|Any CPU
		Release|Any CPU = Release|Any CPU
	EndGlobalSection
	GlobalSection(ProjectConfigurationPlatforms) = postSolution
		{937FE9E5-EC5D-DC7B-D915-9D4FA93FFB03}.Debug|Any CPU.ActiveCfg = Debug|Any CPU
		{937FE9E5-EC5D-DC7B-D915-9D4FA93FFB03}.Debug|Any CPU.Build.0 = Debug|Any CPU
		{937FE9E5-EC5D-DC7B-D915-9D4FA93FFB03}.Release|Any CPU.ActiveCfg = Release|Any CPU
		{937FE9E5-EC5D-DC7B-D915-9D4FA93FFB03}.Release|Any CPU.Build.0 = Release|Any CPU
	EndGlobalSection
	GlobalSection(SolutionProperties) = preSolution
		HideSolutionNode = FALSE
	EndGlobalSection
	GlobalSection(ExtensibilityGlobals) = postSolution
		SolutionGuid = {1AE14464-2CC8-4725-977F-7D651E0CFB6C}
	EndGlobalSection
EndGlobal
