Microsoft Visual Studio Solution File, Format Version 12.00
# Visual Studio Version 17
VisualStudioVersion = 17.5.2.0
MinimumVisualStudioVersion = 10.0.40219.1
Project("{FAE04EC0-301F-11D3-BF4B-00C04F79EFBC}") = "Q13-GCD", "Q13-GCD.csproj", "{EA6879AA-4446-1B89-437B-59630DDADE07}"
EndProject
Global
	GlobalSection(SolutionConfigurationPlatforms) = preSolution
		Debug|Any CPU = Debug|Any CPU
		Release|Any CPU = Release|Any CPU
	EndGlobalSection
	GlobalSection(ProjectConfigurationPlatforms) = postSolution
		{EA6879AA-4446-1B89-437B-59630DDADE07}.Debug|Any CPU.ActiveCfg = Debug|Any CPU
		{EA6879AA-4446-1B89-437B-59630DDADE07}.Debug|Any CPU.Build.0 = Debug|Any CPU
		{EA6879AA-4446-1B89-437B-59630DDADE07}.Release|Any CPU.ActiveCfg = Release|Any CPU
		{EA6879AA-4446-1B89-437B-59630DDADE07}.Release|Any CPU.Build.0 = Release|Any CPU
	EndGlobalSection
	GlobalSection(SolutionProperties) = preSolution
		HideSolutionNode = FALSE
	EndGlobalSection
	GlobalSection(ExtensibilityGlobals) = postSolution
		SolutionGuid = {8A773D09-9DDC-4565-A0EC-51D1E0737BA6}
	EndGlobalSection
EndGlobal
