Microsoft Visual Studio Solution File, Format Version 12.00
# Visual Studio Version 17
VisualStudioVersion = 17.5.2.0
MinimumVisualStudioVersion = 10.0.40219.1
Project("{FAE04EC0-301F-11D3-BF4B-00C04F79EFBC}") = "07_InvestmentRiskSystem", "07_InvestmentRiskSystem.csproj", "{233CE41A-2889-BEDA-0652-5585AE2831BB}"
EndProject
Global
	GlobalSection(SolutionConfigurationPlatforms) = preSolution
		Debug|Any CPU = Debug|Any CPU
		Release|Any CPU = Release|Any CPU
	EndGlobalSection
	GlobalSection(ProjectConfigurationPlatforms) = postSolution
		{233CE41A-2889-BEDA-0652-5585AE2831BB}.Debug|Any CPU.ActiveCfg = Debug|Any CPU
		{233CE41A-2889-BEDA-0652-5585AE2831BB}.Debug|Any CPU.Build.0 = Debug|Any CPU
		{233CE41A-2889-BEDA-0652-5585AE2831BB}.Release|Any CPU.ActiveCfg = Release|Any CPU
		{233CE41A-2889-BEDA-0652-5585AE2831BB}.Release|Any CPU.Build.0 = Release|Any CPU
	EndGlobalSection
	GlobalSection(SolutionProperties) = preSolution
		HideSolutionNode = FALSE
	EndGlobalSection
	GlobalSection(ExtensibilityGlobals) = postSolution
		SolutionGuid = {6065B228-8BEC-4B31-891B-DACE9EB605E9}
	EndGlobalSection
EndGlobal
