Microsoft Visual Studio Solution File, Format Version 12.00
# Visual Studio Version 17
VisualStudioVersion = 17.5.2.0
MinimumVisualStudioVersion = 10.0.40219.1
Project("{FAE04EC0-301F-11D3-BF4B-00C04F79EFBC}") = "NonRepeatedChar", "NonRepeatedChar.csproj", "{A005FF88-3176-F64F-D07C-7891E9E46B7A}"
EndProject
Global
	GlobalSection(SolutionConfigurationPlatforms) = preSolution
		Debug|Any CPU = Debug|Any CPU
		Release|Any CPU = Release|Any CPU
	EndGlobalSection
	GlobalSection(ProjectConfigurationPlatforms) = postSolution
		{A005FF88-3176-F64F-D07C-7891E9E46B7A}.Debug|Any CPU.ActiveCfg = Debug|Any CPU
		{A005FF88-3176-F64F-D07C-7891E9E46B7A}.Debug|Any CPU.Build.0 = Debug|Any CPU
		{A005FF88-3176-F64F-D07C-7891E9E46B7A}.Release|Any CPU.ActiveCfg = Release|Any CPU
		{A005FF88-3176-F64F-D07C-7891E9E46B7A}.Release|Any CPU.Build.0 = Release|Any CPU
	EndGlobalSection
	GlobalSection(SolutionProperties) = preSolution
		HideSolutionNode = FALSE
	EndGlobalSection
	GlobalSection(ExtensibilityGlobals) = postSolution
		SolutionGuid = {4FEE62CA-05B6-4417-8379-8827D94FED37}
	EndGlobalSection
EndGlobal
