Microsoft Visual Studio Solution File, Format Version 12.00
# Visual Studio Version 17
VisualStudioVersion = 17.5.2.0
MinimumVisualStudioVersion = 10.0.40219.1
Project("{FAE04EC0-301F-11D3-BF4B-00C04F79EFBC}") = "02_StudentGPARankingSystem", "02_StudentGPARankingSystem.csproj", "{9AFE9A3B-C08C-D608-1B81-8BC95361613B}"
EndProject
Global
	GlobalSection(SolutionConfigurationPlatforms) = preSolution
		Debug|Any CPU = Debug|Any CPU
		Release|Any CPU = Release|Any CPU
	EndGlobalSection
	GlobalSection(ProjectConfigurationPlatforms) = postSolution
		{9AFE9A3B-C08C-D608-1B81-8BC95361613B}.Debug|Any CPU.ActiveCfg = Debug|Any CPU
		{9AFE9A3B-C08C-D608-1B81-8BC95361613B}.Debug|Any CPU.Build.0 = Debug|Any CPU
		{9AFE9A3B-C08C-D608-1B81-8BC95361613B}.Release|Any CPU.ActiveCfg = Release|Any CPU
		{9AFE9A3B-C08C-D608-1B81-8BC95361613B}.Release|Any CPU.Build.0 = Release|Any CPU
	EndGlobalSection
	GlobalSection(SolutionProperties) = preSolution
		HideSolutionNode = FALSE
	EndGlobalSection
	GlobalSection(ExtensibilityGlobals) = postSolution
		SolutionGuid = {D100C118-5876-43D9-A449-1BB77C5E0876}
	EndGlobalSection
EndGlobal
