Microsoft Visual Studio Solution File, Format Version 12.00
# Visual Studio Version 17
VisualStudioVersion = 17.5.2.0
MinimumVisualStudioVersion = 10.0.40219.1
Project("{FAE04EC0-301F-11D3-BF4B-00C04F79EFBC}") = "JewelleryComplexVer", "JewelleryComplexVer.csproj", "{147B6F99-C4AC-7A2F-5683-B5A337523128}"
EndProject
Global
	GlobalSection(SolutionConfigurationPlatforms) = preSolution
		Debug|Any CPU = Debug|Any CPU
		Release|Any CPU = Release|Any CPU
	EndGlobalSection
	GlobalSection(ProjectConfigurationPlatforms) = postSolution
		{147B6F99-C4AC-7A2F-5683-B5A337523128}.Debug|Any CPU.ActiveCfg = Debug|Any CPU
		{147B6F99-C4AC-7A2F-5683-B5A337523128}.Debug|Any CPU.Build.0 = Debug|Any CPU
		{147B6F99-C4AC-7A2F-5683-B5A337523128}.Release|Any CPU.ActiveCfg = Release|Any CPU
		{147B6F99-C4AC-7A2F-5683-B5A337523128}.Release|Any CPU.Build.0 = Release|Any CPU
	EndGlobalSection
	GlobalSection(SolutionProperties) = preSolution
		HideSolutionNode = FALSE
	EndGlobalSection
	GlobalSection(ExtensibilityGlobals) = postSolution
		SolutionGuid = {BE80FCAB-BCA6-4A7F-A43B-7EF3279422F4}
	EndGlobalSection
EndGlobal
